
Microsoft Visual Studio Solution File, Format Version 12.00
# Visual Studio Version 17
VisualStudioVersion = 17.6.33829.357
MinimumVisualStudioVersion = 10.0.40219.1
Project("{FAE04EC0-301F-11D3-BF4B-00C04F79EFBC}") = "AdapterPatterLearning", "AdapterPatterLearning\AdapterPatterLearning.csproj", "{AF68FCF7-2D58-45DF-B53D-D1914F5A7475}"
EndProject
Global
	GlobalSection(SolutionConfigurationPlatforms) = preSolution
		Debug|Any CPU = Debug|Any CPU
		Release|Any CPU = Release|Any CPU
	EndGlobalSection
	GlobalSection(ProjectConfigurationPlatforms) = postSolution
		{AF68FCF7-2D58-45DF-B53D-D1914F5A7475}.Debug|Any CPU.ActiveCfg = Debug|Any CPU
		{AF68FCF7-2D58-45DF-B53D-D1914F5A7475}.Debug|Any CPU.Build.0 = Debug|Any CPU
		{AF68FCF7-2D58-45DF-B53D-D1914F5A7475}.Release|Any CPU.ActiveCfg = Release|Any CPU
		{AF68FCF7-2D58-45DF-B53D-D1914F5A7475}.Release|Any CPU.Build.0 = Release|Any CPU
	EndGlobalSection
	GlobalSection(SolutionProperties) = preSolution
		HideSolutionNode = FALSE
	EndGlobalSection
	GlobalSection(ExtensibilityGlobals) = postSolution
		SolutionGuid = {554679FB-F194-410A-A921-345D8B4343DD}
	EndGlobalSection
EndGlobal
